
Microsoft Visual Studio Solution File, Format Version 12.00
# Visual Studio Version 17
VisualStudioVersion = 17.10.35004.147
MinimumVisualStudioVersion = 10.0.40219.1
Project("{8BC9CEB8-8B4A-11D0-8D11-00A0C91BC942}") = "c_7_25", "c_7_25\c_7_25.vcxproj", "{F66A32E2-7211-42C8-BB4E-4950F104EE17}"
EndProject
Global
	GlobalSection(SolutionConfigurationPlatforms) = preSolution
		Debug|x64 = Debug|x64
		Debug|x86 = Debug|x86
		Release|x64 = Release|x64
		Release|x86 = Release|x86
	EndGlobalSection
	GlobalSection(ProjectConfigurationPlatforms) = postSolution
		{F66A32E2-7211-42C8-BB4E-4950F104EE17}.Debug|x64.ActiveCfg = Debug|x64
		{F66A32E2-7211-42C8-BB4E-4950F104EE17}.Debug|x64.Build.0 = Debug|x64
		{F66A32E2-7211-42C8-BB4E-4950F104EE17}.Debug|x86.ActiveCfg = Debug|Win32
		{F66A32E2-7211-42C8-BB4E-4950F104EE17}.Debug|x86.Build.0 = Debug|Win32
		{F66A32E2-7211-42C8-BB4E-4950F104EE17}.Release|x64.ActiveCfg = Release|x64
		{F66A32E2-7211-42C8-BB4E-4950F104EE17}.Release|x64.Build.0 = Release|x64
		{F66A32E2-7211-42C8-BB4E-4950F104EE17}.Release|x86.ActiveCfg = Release|Win32
		{F66A32E2-7211-42C8-BB4E-4950F104EE17}.Release|x86.Build.0 = Release|Win32
	EndGlobalSection
	GlobalSection(SolutionProperties) = preSolution
		HideSolutionNode = FALSE
	EndGlobalSection
	GlobalSection(ExtensibilityGlobals) = postSolution
		SolutionGuid = {A9D9BEFF-57E4-4083-A129-901E076C2125}
	EndGlobalSection
EndGlobal
